<Solution>
  <Folder Name="/Solution Items/">
    <File Path="AbCatDC/Directory.Packages.props" />
  </Folder>
  <Project Path="AbCatDC/AbCatDC.Kernel/AbCatDC.Kernel.fsproj" />
  <Project Path="AbCatDC/AbCatDC.RazorLib/AbCatDC.RazorLib.csproj" />
  <Project Path="AbCatDC/AbCatDC/AbCatDC.fsproj">
    <Deploy />
  </Project>
</Solution>
